
Microsoft Visual Studio Solution File, Format Version 12.00
# Visual Studio 2012
Project("{FAE04EC0-301F-11D3-BF4B-00C04F79EFBC}") = "BinaryNotes", "BinaryNotes\BinaryNotes.csproj", "{7BB91554-CA9A-4F6E-91CB-E34410F215A7}"
EndProject
Project("{FAE04EC0-301F-11D3-BF4B-00C04F79EFBC}") = "BinaryNotesTests", "BinaryNotesTests\BinaryNotesTests.csproj", "{8776B434-A39C-445E-B989-CCC9E09F9E73}"
EndProject
Global
	GlobalSection(SolutionConfigurationPlatforms) = preSolution
		Debug|Any CPU = Debug|Any CPU
		Release|Any CPU = Release|Any CPU
	EndGlobalSection
	GlobalSection(ProjectConfigurationPlatforms) = postSolution
		{7BB91554-CA9A-4F6E-91CB-E34410F215A7}.Debug|Any CPU.ActiveCfg = Debug|Any CPU
		{7BB91554-CA9A-4F6E-91CB-E34410F215A7}.Debug|Any CPU.Build.0 = Debug|Any CPU
		{7BB91554-CA9A-4F6E-91CB-E34410F215A7}.Release|Any CPU.ActiveCfg = Release|Any CPU
		{7BB91554-CA9A-4F6E-91CB-E34410F215A7}.Release|Any CPU.Build.0 = Release|Any CPU
		{8776B434-A39C-445E-B989-CCC9E09F9E73}.Debug|Any CPU.ActiveCfg = Debug|Any CPU
		{8776B434-A39C-445E-B989-CCC9E09F9E73}.Debug|Any CPU.Build.0 = Debug|Any CPU
		{8776B434-A39C-445E-B989-CCC9E09F9E73}.Release|Any CPU.ActiveCfg = Release|Any CPU
		{8776B434-A39C-445E-B989-CCC9E09F9E73}.Release|Any CPU.Build.0 = Release|Any CPU
	EndGlobalSection
	GlobalSection(SolutionProperties) = preSolution
		HideSolutionNode = FALSE
	EndGlobalSection
EndGlobal
